
Microsoft Visual Studio Solution File, Format Version 12.00
# Visual Studio Version 17
VisualStudioVersion = 17.7.34003.232
MinimumVisualStudioVersion = 10.0.40219.1
Project("{FAE04EC0-301F-11D3-BF4B-00C04F79EFBC}") = "Practico 4", "Practico 4\Practico 4.csproj", "{B680D730-98A0-41BC-A17D-B27607AC0592}"
EndProject
Global
	GlobalSection(SolutionConfigurationPlatforms) = preSolution
		Debug|Any CPU = Debug|Any CPU
		Release|Any CPU = Release|Any CPU
	EndGlobalSection
	GlobalSection(ProjectConfigurationPlatforms) = postSolution
		{B680D730-98A0-41BC-A17D-B27607AC0592}.Debug|Any CPU.ActiveCfg = Debug|Any CPU
		{B680D730-98A0-41BC-A17D-B27607AC0592}.Debug|Any CPU.Build.0 = Debug|Any CPU
		{B680D730-98A0-41BC-A17D-B27607AC0592}.Release|Any CPU.ActiveCfg = Release|Any CPU
		{B680D730-98A0-41BC-A17D-B27607AC0592}.Release|Any CPU.Build.0 = Release|Any CPU
	EndGlobalSection
	GlobalSection(SolutionProperties) = preSolution
		HideSolutionNode = FALSE
	EndGlobalSection
	GlobalSection(ExtensibilityGlobals) = postSolution
		SolutionGuid = {3CD44117-A575-45AE-B7E4-8D244C78DCAF}
	EndGlobalSection
EndGlobal
